
Microsoft Visual Studio Solution File, Format Version 12.00
# Visual Studio 14
VisualStudioVersion = 14.0.25420.1
MinimumVisualStudioVersion = 10.0.40219.1
Project("{2150E333-8FDC-42A3-9474-1A3956D46DE8}") = "src", "src", "{E3ED3F54-0640-4C67-A376-14F129B329B1}"
EndProject
Project("{2150E333-8FDC-42A3-9474-1A3956D46DE8}") = "Solution Items", "Solution Items", "{C103DE3D-BDED-4E77-B4DF-C059B269902F}"
	ProjectSection(SolutionItems) = preProject
		global.json = global.json
	EndProjectSection
EndProject
Project("{8BB2217D-0F2D-49D1-97BC-3654ED321F3B}") = "NotesAPI", "src\NotesAPI\NotesAPI.xproj", "{419EA1A5-E2DE-42B4-BC3F-3C08684FEB0B}"
EndProject
Global
	GlobalSection(SolutionConfigurationPlatforms) = preSolution
		Debug|Any CPU = Debug|Any CPU
		Release|Any CPU = Release|Any CPU
	EndGlobalSection
	GlobalSection(ProjectConfigurationPlatforms) = postSolution
		{419EA1A5-E2DE-42B4-BC3F-3C08684FEB0B}.Debug|Any CPU.ActiveCfg = Debug|Any CPU
		{419EA1A5-E2DE-42B4-BC3F-3C08684FEB0B}.Debug|Any CPU.Build.0 = Debug|Any CPU
		{419EA1A5-E2DE-42B4-BC3F-3C08684FEB0B}.Release|Any CPU.ActiveCfg = Release|Any CPU
		{419EA1A5-E2DE-42B4-BC3F-3C08684FEB0B}.Release|Any CPU.Build.0 = Release|Any CPU
	EndGlobalSection
	GlobalSection(SolutionProperties) = preSolution
		HideSolutionNode = FALSE
	EndGlobalSection
	GlobalSection(NestedProjects) = preSolution
		{419EA1A5-E2DE-42B4-BC3F-3C08684FEB0B} = {E3ED3F54-0640-4C67-A376-14F129B329B1}
	EndGlobalSection
EndGlobal
